{
  "name": "project",
  "lockfileVersion": 3,
  "requires": true,
  "packages": {
    "": {
      "dependencies": {
        "pannellum": "^2.5.6",
        "three": "^0.179.1"
      }
    },
    "node_modules/pannellum": {
      "version": "2.5.6",
      "resolved": "https://registry.npmjs.org/pannellum/-/pannellum-2.5.6.tgz",
      "integrity": "sha512-R4kSPpj36wQPlyIi9ZftxPfVYF11DEbNBATUEI+pkMGZDFYBV5Jxi6tYFVDdmxA2xaTeKZQHMIuIIj7njVSTQQ==",
      "license": "MIT"
    },
    "node_modules/three": {
      "version": "0.179.1",
      "resolved": "https://registry.npmjs.org/three/-/three-0.179.1.tgz",
      "integrity": "sha512-5y/elSIQbrvKOISxpwXCR4sQqHtGiOI+MKLc3SsBdDXA2hz3Mdp3X59aUp8DyybMa34aeBwbFTpdoLJaUDEWSw==",
      "license": "MIT"
    }
  }
}
